
Microsoft Visual Studio Solution File, Format Version 12.00
# Visual Studio Version 17
VisualStudioVersion = 17.2.32526.322
MinimumVisualStudioVersion = 10.0.40219.1
Project("{9A19103F-16F7-4668-BE54-9A1E7A4F7556}") = "HRM.API", "HRM.API\HRM.API.csproj", "{4ABED2CB-E72B-4F86-AE76-D5724B945EE6}"
EndProject
Project("{2150E333-8FDC-42A3-9474-1A3956D46DE8}") = "HRM.Test", "HRM.Test", "{7A15EF37-CD23-422A-A27B-494F68D092C6}"
EndProject
Project("{FAE04EC0-301F-11D3-BF4B-00C04F79EFBC}") = "UnitTest1", "UnitTest1\UnitTest1.csproj", "{E0FE9ADA-96DA-44DE-853A-66C8FC5D24BF}"
EndProject
Global
	GlobalSection(SolutionConfigurationPlatforms) = preSolution
		Debug|Any CPU = Debug|Any CPU
		Release|Any CPU = Release|Any CPU
	EndGlobalSection
	GlobalSection(ProjectConfigurationPlatforms) = postSolution
		{4ABED2CB-E72B-4F86-AE76-D5724B945EE6}.Debug|Any CPU.ActiveCfg = Debug|Any CPU
		{4ABED2CB-E72B-4F86-AE76-D5724B945EE6}.Debug|Any CPU.Build.0 = Debug|Any CPU
		{4ABED2CB-E72B-4F86-AE76-D5724B945EE6}.Release|Any CPU.ActiveCfg = Release|Any CPU
		{4ABED2CB-E72B-4F86-AE76-D5724B945EE6}.Release|Any CPU.Build.0 = Release|Any CPU
		{E0FE9ADA-96DA-44DE-853A-66C8FC5D24BF}.Debug|Any CPU.ActiveCfg = Debug|Any CPU
		{E0FE9ADA-96DA-44DE-853A-66C8FC5D24BF}.Debug|Any CPU.Build.0 = Debug|Any CPU
		{E0FE9ADA-96DA-44DE-853A-66C8FC5D24BF}.Release|Any CPU.ActiveCfg = Release|Any CPU
		{E0FE9ADA-96DA-44DE-853A-66C8FC5D24BF}.Release|Any CPU.Build.0 = Release|Any CPU
	EndGlobalSection
	GlobalSection(SolutionProperties) = preSolution
		HideSolutionNode = FALSE
	EndGlobalSection
	GlobalSection(NestedProjects) = preSolution
		{E0FE9ADA-96DA-44DE-853A-66C8FC5D24BF} = {7A15EF37-CD23-422A-A27B-494F68D092C6}
	EndGlobalSection
	GlobalSection(ExtensibilityGlobals) = postSolution
		SolutionGuid = {3BCD1376-FF7E-47FB-8156-6F0ADAC16062}
	EndGlobalSection
EndGlobal
